
Microsoft Visual Studio Solution File, Format Version 12.00
# Visual Studio 14
VisualStudioVersion = 14.0.24720.0
MinimumVisualStudioVersion = 10.0.40219.1
Project("{8BC9CEB8-8B4A-11D0-8D11-00A0C91BC942}") = "Randomer", "RndomerLib\RndomerLib.vcxproj", "{76165DA6-922C-47E2-B8B0-BB75D4AD5719}"
EndProject
Project("{8BC9CEB8-8B4A-11D0-8D11-00A0C91BC942}") = "DxFunc", "DxFuncLib\DxFuncLib.vcxproj", "{7CA43497-1CEF-4101-B766-961DEFC3009A}"
EndProject
Project("{8BC9CEB8-8B4A-11D0-8D11-00A0C91BC942}") = "StringPlus", "StringPlus\StringPlus.vcxproj", "{BC16F3F0-61BB-4341-B87C-421A6191536E}"
EndProject
Project("{8BC9CEB8-8B4A-11D0-8D11-00A0C91BC942}") = "Filer", "Filer\Filer.vcxproj", "{23973C16-2E01-4C96-80D3-076DF70B79F2}"
EndProject
Global
	GlobalSection(SolutionConfigurationPlatforms) = preSolution
		Debug|x64 = Debug|x64
		Debug|x86 = Debug|x86
		Release|x64 = Release|x64
		Release|x86 = Release|x86
	EndGlobalSection
	GlobalSection(ProjectConfigurationPlatforms) = postSolution
		{76165DA6-922C-47E2-B8B0-BB75D4AD5719}.Debug|x64.ActiveCfg = Debug|x64
		{76165DA6-922C-47E2-B8B0-BB75D4AD5719}.Debug|x64.Build.0 = Debug|x64
		{76165DA6-922C-47E2-B8B0-BB75D4AD5719}.Debug|x86.ActiveCfg = Debug|Win32
		{76165DA6-922C-47E2-B8B0-BB75D4AD5719}.Debug|x86.Build.0 = Debug|Win32
		{76165DA6-922C-47E2-B8B0-BB75D4AD5719}.Release|x64.ActiveCfg = Release|x64
		{76165DA6-922C-47E2-B8B0-BB75D4AD5719}.Release|x64.Build.0 = Release|x64
		{76165DA6-922C-47E2-B8B0-BB75D4AD5719}.Release|x86.ActiveCfg = Release|Win32
		{76165DA6-922C-47E2-B8B0-BB75D4AD5719}.Release|x86.Build.0 = Release|Win32
		{7CA43497-1CEF-4101-B766-961DEFC3009A}.Debug|x64.ActiveCfg = Debug|x64
		{7CA43497-1CEF-4101-B766-961DEFC3009A}.Debug|x64.Build.0 = Debug|x64
		{7CA43497-1CEF-4101-B766-961DEFC3009A}.Debug|x86.ActiveCfg = Debug|Win32
		{7CA43497-1CEF-4101-B766-961DEFC3009A}.Debug|x86.Build.0 = Debug|Win32
		{7CA43497-1CEF-4101-B766-961DEFC3009A}.Release|x64.ActiveCfg = Release|x64
		{7CA43497-1CEF-4101-B766-961DEFC3009A}.Release|x64.Build.0 = Release|x64
		{7CA43497-1CEF-4101-B766-961DEFC3009A}.Release|x86.ActiveCfg = Release|Win32
		{7CA43497-1CEF-4101-B766-961DEFC3009A}.Release|x86.Build.0 = Release|Win32
		{BC16F3F0-61BB-4341-B87C-421A6191536E}.Debug|x64.ActiveCfg = Debug|x64
		{BC16F3F0-61BB-4341-B87C-421A6191536E}.Debug|x64.Build.0 = Debug|x64
		{BC16F3F0-61BB-4341-B87C-421A6191536E}.Debug|x86.ActiveCfg = Debug|Win32
		{BC16F3F0-61BB-4341-B87C-421A6191536E}.Debug|x86.Build.0 = Debug|Win32
		{BC16F3F0-61BB-4341-B87C-421A6191536E}.Release|x64.ActiveCfg = Release|x64
		{BC16F3F0-61BB-4341-B87C-421A6191536E}.Release|x64.Build.0 = Release|x64
		{BC16F3F0-61BB-4341-B87C-421A6191536E}.Release|x86.ActiveCfg = Release|Win32
		{BC16F3F0-61BB-4341-B87C-421A6191536E}.Release|x86.Build.0 = Release|Win32
		{23973C16-2E01-4C96-80D3-076DF70B79F2}.Debug|x64.ActiveCfg = Debug|x64
		{23973C16-2E01-4C96-80D3-076DF70B79F2}.Debug|x64.Build.0 = Debug|x64
		{23973C16-2E01-4C96-80D3-076DF70B79F2}.Debug|x86.ActiveCfg = Debug|Win32
		{23973C16-2E01-4C96-80D3-076DF70B79F2}.Debug|x86.Build.0 = Debug|Win32
		{23973C16-2E01-4C96-80D3-076DF70B79F2}.Release|x64.ActiveCfg = Release|x64
		{23973C16-2E01-4C96-80D3-076DF70B79F2}.Release|x64.Build.0 = Release|x64
		{23973C16-2E01-4C96-80D3-076DF70B79F2}.Release|x86.ActiveCfg = Release|Win32
		{23973C16-2E01-4C96-80D3-076DF70B79F2}.Release|x86.Build.0 = Release|Win32
	EndGlobalSection
	GlobalSection(SolutionProperties) = preSolution
		HideSolutionNode = FALSE
	EndGlobalSection
EndGlobal
